# generated by rye
# use `rye lock` or `rye sync` to update this lockfile
#
# last locked with the following flags:
#   pre: false
#   features: []
#   all-features: false
#   with-sources: false
#   generate-hashes: false
#   universal: false

-e file:.
-e file:src/navsim
-e file:src/navtools
llvmlite==0.43.0
    # via numba
numba==0.60.0
    # via navtools
numpy==2.0.1
    # via numba
