# generated by rye
# use `rye lock` or `rye sync` to update this lockfile
#
# last locked with the following flags:
#   pre: false
#   features: []
#   all-features: false
#   with-sources: false
#   generate-hashes: false
#   universal: false

-e file:.
-e file:src/navgnss
-e file:src/navsim
-e file:src/navtools
    # via navgnss
    # via navsim
aspn23 @ git+https://github.com/tannerkoza/aspn-python.git@ebf49a65c4670c979bf27b82c18a9413f50aa1f9#subdirectory=aspn-py
    # via navtools
aspn23-lcm @ git+https://github.com/tannerkoza/aspn-python.git@ebf49a65c4670c979bf27b82c18a9413f50aa1f9#subdirectory=aspn-lcm
    # via navtools
astropy==6.1.7
    # via navsim
astropy-iers-data==0.2025.7.14.0.40.29
    # via astropy
certifi==2025.6.15
    # via requests
charset-normalizer==3.4.2
    # via requests
idna==3.10
    # via requests
lcm==1.5.1
    # via aspn23-lcm
llvmlite==0.44.0
    # via numba
numba==0.61.2
    # via navtools
numpy==2.0.1
    # via aspn23
    # via astropy
    # via numba
    # via pyerfa
    # via scipy
packaging==25.0
    # via astropy
prompt-toolkit==3.0.51
    # via navsim
    # via navtools
pyerfa==2.0.1.5
    # via astropy
pyyaml==6.0.2
    # via astropy
requests==2.32.4
    # via navtools
scipy==1.15.3
    # via navsim
sgp4==2.24
    # via navsim
tqdm==4.67.1
    # via navsim
types-requests==2.32.4.20250611
    # via navtools
unlzw3==0.2.3
    # via navtools
urllib3==2.5.0
    # via requests
    # via types-requests
wcwidth==0.2.13
    # via prompt-toolkit
