# generated by rye
# use `rye lock` or `rye sync` to update this lockfile
#
# last locked with the following flags:
#   pre: false
#   features: []
#   all-features: false
#   with-sources: false
#   generate-hashes: false
#   universal: false

-e file:.
-e file:src/navsim
-e file:src/navtools
aspn23 @ git+ssh://git@git.aspn.us/pntos/firehose-outputs.git@d425e26330e62371038f14ad12a8d8b4374698a6#subdirectory=aspn-py
    # via navtools
aspn23-lcm @ git+ssh://git@git.aspn.us/pntos/firehose-outputs.git@50b596d2c349ceb98b60ab6aecc91961424bcec8#subdirectory=lcm/python
    # via navtools
astropy==7.1.0
    # via navsim
astropy-iers-data==0.2025.7.7.0.39.39
    # via astropy
certifi==2025.6.15
    # via requests
cfgv==3.4.0
    # via pre-commit
charset-normalizer==3.4.2
    # via requests
coverage==7.6.1
    # via pytest-cov
distlib==0.3.8
    # via virtualenv
filelock==3.15.4
    # via virtualenv
identify==2.6.0
    # via pre-commit
idna==3.10
    # via requests
iniconfig==2.0.0
    # via pytest
lcm==1.5.1
    # via aspn23-lcm
llvmlite==0.44.0
    # via numba
mypy==1.11.1
mypy-extensions==1.0.0
    # via mypy
nodeenv==1.9.1
    # via pre-commit
numba==0.61.2
    # via navtools
numpy==2.0.1
    # via aspn23
    # via astropy
    # via numba
    # via pyerfa
packaging==24.1
    # via astropy
    # via pytest
platformdirs==4.2.2
    # via virtualenv
pluggy==1.5.0
    # via pytest
pre-commit==3.8.0
pyerfa==2.0.1.5
    # via astropy
pytest==8.3.2
    # via pytest-cov
pytest-cov==5.0.0
pyyaml==6.0.2
    # via astropy
    # via pre-commit
requests==2.32.4
    # via navtools
sgp4==2.24
    # via navsim
snakeviz==2.2.2
tornado==6.5.1
    # via snakeviz
tqdm==4.67.1
    # via navtools
typing-extensions==4.12.2
    # via mypy
unlzw3==0.2.3
    # via navtools
urllib3==2.5.0
    # via requests
virtualenv==20.26.3
    # via pre-commit
